{
  "version": 4,
  "terraform_version": "1.5.7",
  "serial": 90,
  "lineage": "f9291a2f-b926-f810-ba0c-6c6140825ed8",
  "outputs": {},
  "resources": [
    {
      "mode": "managed",
      "type": "libvirt_cloudinit_disk",
      "name": "commoninit",
      "provider": "provider[\"registry.terraform.io/dmacvicar/libvirt\"]",
      "instances": [
        {
          "index_key": 0,
          "schema_version": 0,
          "attributes": {
            "id": "/media/pouchou/2T/volumes-kvm-temp/commoninit-ubuntu.iso;c6d70035-cc89-48e7-b810-e068a02b7bd5",
            "meta_data": "",
            "name": "commoninit-ubuntu.iso",
            "network_config": "ethernets:\n    ens01:\n        addresses: \n        - 192.168.122.11/24\n        dhcp4: false\n        gateway4: 192.168.122.1\n        match:\n            macaddress: 52:54:00:50:99:c5\n        nameservers:\n            addresses: \n            - 1.1.1.1\n            - 8.8.8.8\n        set-name: ens01\nversion: 2\n",
            "pool": "distro-pool",
            "user_data": "#cloud-config\n# vim: syntax=yaml\nhostname: ubuntu\nmanage_etc_hosts: true\nusers:\n  - name: vmadmin\n    sudo: ALL=(ALL) NOPASSWD:ALL\n    ssh_authorized_keys:\n      - ssh-rsa AAAAB3NzaC1yc2EAAAADAQABAAACAQDZOr+7eh/uZDV1dqrU1r3D8oc4ISt1MO29IUnd3CqwdqfdH1SOY5MD4J/iLxtWZwFjrsai/jvJYbl7FZoHlp8GZPTHhETZQiCQvayC0k4mq7//OAWNwT5k5o59ZNVzd0xjaMoruLJ7XvIq3Sjh2P0JN5RI1Ol2K1/5MhxJTqV5FNkAW5K902oqHDKi/5GZNrm/lA2OZyxwyFIU/Z+/U3V9MPwQUwI+ZXQBXuNaF1Q8nYtLNdmkrFZTwtcUhBtCarMbmnKEkMSbLARzwF/zS6Vwy1ZObAbHjczjkVNUp6ZCI4cXb/xMv4jXDZAsrmVSg9Cvgg6bbzjOZhhvILkOOg106xCchao8NinGbBxuu9xdKbJnuR9RIR1+m/yh1DNb5vSgIHPh/BKTf0QWZ9bTQM2eFAurFndWpkUsxS5xMQma1BOrofaVMgpAHszQ531oA0MpUsuEpPNYXWZNROMUXWwLbUWZ+8d45kWjteq+WkoYjqM2wz20gy4o/CqsyU6oyIBbw+st6xU5Y2EmTMUsQOnoUAL46Fwf/71PjpIDuXGtXe2YCUZw3/ypaXRONVzNHgFErQqBV1wx81q3oTiqZxBobxbAhX+6QhmdeMMYli6MvKV2oW+ZdqJG4jGWvi5C5FYCck9t4yDPXP1CBvXbkNCfdQo9dERcAjUSn10imGE0zQ== pouchou@jmp-dell2\n\nssh_pwauth: true\ndisable_root: false\nchpasswd:\n  list: |\n    vmadmin:linux\n  expire: false\ngrowpart:\n  mode: auto\n  devices: ['/']\n"
          },
          "sensitive_attributes": [],
          "private": "bnVsbA=="
        },
        {
          "index_key": 1,
          "schema_version": 0,
          "attributes": {
            "id": "/media/pouchou/2T/volumes-kvm-temp/commoninit-rocky.iso;7a7e42b6-b786-4e25-83c6-6f94f40a3860",
            "meta_data": "",
            "name": "commoninit-rocky.iso",
            "network_config": "ethernets:\n    ens01:\n        addresses: \n        - 192.168.122.22/24\n        dhcp4: false\n        gateway4: 192.168.122.1\n        match:\n            macaddress: 52:54:00:0e:87:be\n        nameservers:\n            addresses: \n            - 1.1.1.1\n            - 8.8.8.8\n        set-name: ens01\nversion: 2\n",
            "pool": "distro-pool",
            "user_data": "#cloud-config\n# vim: syntax=yaml\nhostname: rocky\nmanage_etc_hosts: true\nusers:\n  - name: vmadmin\n    sudo: ALL=(ALL) NOPASSWD:ALL\n    ssh_authorized_keys:\n      - ssh-rsa AAAAB3NzaC1yc2EAAAADAQABAAACAQDZOr+7eh/uZDV1dqrU1r3D8oc4ISt1MO29IUnd3CqwdqfdH1SOY5MD4J/iLxtWZwFjrsai/jvJYbl7FZoHlp8GZPTHhETZQiCQvayC0k4mq7//OAWNwT5k5o59ZNVzd0xjaMoruLJ7XvIq3Sjh2P0JN5RI1Ol2K1/5MhxJTqV5FNkAW5K902oqHDKi/5GZNrm/lA2OZyxwyFIU/Z+/U3V9MPwQUwI+ZXQBXuNaF1Q8nYtLNdmkrFZTwtcUhBtCarMbmnKEkMSbLARzwF/zS6Vwy1ZObAbHjczjkVNUp6ZCI4cXb/xMv4jXDZAsrmVSg9Cvgg6bbzjOZhhvILkOOg106xCchao8NinGbBxuu9xdKbJnuR9RIR1+m/yh1DNb5vSgIHPh/BKTf0QWZ9bTQM2eFAurFndWpkUsxS5xMQma1BOrofaVMgpAHszQ531oA0MpUsuEpPNYXWZNROMUXWwLbUWZ+8d45kWjteq+WkoYjqM2wz20gy4o/CqsyU6oyIBbw+st6xU5Y2EmTMUsQOnoUAL46Fwf/71PjpIDuXGtXe2YCUZw3/ypaXRONVzNHgFErQqBV1wx81q3oTiqZxBobxbAhX+6QhmdeMMYli6MvKV2oW+ZdqJG4jGWvi5C5FYCck9t4yDPXP1CBvXbkNCfdQo9dERcAjUSn10imGE0zQ== pouchou@jmp-dell2\n\nssh_pwauth: true\ndisable_root: false\nchpasswd:\n  list: |\n    vmadmin:linux\n  expire: false\ngrowpart:\n  mode: auto\n  devices: ['/']\n"
          },
          "sensitive_attributes": [],
          "private": "bnVsbA=="
        }
      ]
    },
    {
      "mode": "managed",
      "type": "libvirt_domain",
      "name": "domain-distro",
      "provider": "provider[\"registry.terraform.io/dmacvicar/libvirt\"]",
      "instances": [
        {
          "index_key": 0,
          "schema_version": 0,
          "attributes": {
            "arch": "x86_64",
            "autostart": false,
            "boot_device": [],
            "cloudinit": "/media/pouchou/2T/volumes-kvm-temp/commoninit-ubuntu.iso;c6d70035-cc89-48e7-b810-e068a02b7bd5",
            "cmdline": null,
            "console": [
              {
                "source_host": "127.0.0.1",
                "source_path": "",
                "source_service": "0",
                "target_port": "0",
                "target_type": "serial",
                "type": "pty"
              },
              {
                "source_host": "127.0.0.1",
                "source_path": "",
                "source_service": "0",
                "target_port": "1",
                "target_type": "virtio",
                "type": "pty"
              }
            ],
            "coreos_ignition": null,
            "cpu": [
              {
                "mode": "host-passthrough"
              }
            ],
            "description": "",
            "disk": [
              {
                "block_device": "",
                "file": "",
                "scsi": false,
                "url": "",
                "volume_id": "/media/pouchou/2T/volumes-kvm-temp/ubuntu.qcow2",
                "wwn": ""
              }
            ],
            "emulator": "/usr/bin/qemu-system-x86_64",
            "filesystem": [],
            "firmware": null,
            "fw_cfg_name": "opt/com.coreos/config",
            "graphics": [],
            "id": "82dfbb87-6050-4f3b-9aad-f82a767e4e47",
            "initrd": "",
            "kernel": "",
            "machine": "ubuntu",
            "memory": 2048,
            "metadata": null,
            "name": "ubuntu",
            "network_interface": [
              {
                "addresses": [],
                "bridge": "",
                "hostname": "ubuntu",
                "mac": "52:54:00:50:99:C5",
                "macvtap": "",
                "network_id": "d1e655e7-486d-481f-9ed0-9ca11fd43569",
                "network_name": "default",
                "passthrough": "",
                "vepa": "",
                "wait_for_lease": false
              }
            ],
            "nvram": [],
            "qemu_agent": false,
            "running": true,
            "timeouts": null,
            "tpm": [],
            "vcpu": 2,
            "video": [],
            "xml": []
          },
          "sensitive_attributes": [],
          "private": "eyJlMmJmYjczMC1lY2FhLTExZTYtOGY4OC0zNDM2M2JjN2M0YzAiOnsiY3JlYXRlIjozMDAwMDAwMDAwMDB9fQ==",
          "dependencies": [
            "libvirt_cloudinit_disk.commoninit",
            "libvirt_volume.distro-qcow2"
          ]
        },
        {
          "index_key": 1,
          "schema_version": 0,
          "attributes": {
            "arch": "x86_64",
            "autostart": false,
            "boot_device": [],
            "cloudinit": "/media/pouchou/2T/volumes-kvm-temp/commoninit-rocky.iso;7a7e42b6-b786-4e25-83c6-6f94f40a3860",
            "cmdline": null,
            "console": [
              {
                "source_host": "127.0.0.1",
                "source_path": "",
                "source_service": "0",
                "target_port": "0",
                "target_type": "serial",
                "type": "pty"
              },
              {
                "source_host": "127.0.0.1",
                "source_path": "",
                "source_service": "0",
                "target_port": "1",
                "target_type": "virtio",
                "type": "pty"
              }
            ],
            "coreos_ignition": null,
            "cpu": [
              {
                "mode": "host-passthrough"
              }
            ],
            "description": "",
            "disk": [
              {
                "block_device": "",
                "file": "",
                "scsi": false,
                "url": "",
                "volume_id": "/media/pouchou/2T/volumes-kvm-temp/rocky.qcow2",
                "wwn": ""
              }
            ],
            "emulator": "/usr/bin/qemu-system-x86_64",
            "filesystem": [],
            "firmware": null,
            "fw_cfg_name": "opt/com.coreos/config",
            "graphics": [],
            "id": "b3e1b7bd-5665-4129-aa55-b6a90cdb19fc",
            "initrd": "",
            "kernel": "",
            "machine": "ubuntu",
            "memory": 2048,
            "metadata": null,
            "name": "rocky",
            "network_interface": [
              {
                "addresses": [],
                "bridge": "",
                "hostname": "rocky",
                "mac": "52:54:00:0E:87:BE",
                "macvtap": "",
                "network_id": "d1e655e7-486d-481f-9ed0-9ca11fd43569",
                "network_name": "default",
                "passthrough": "",
                "vepa": "",
                "wait_for_lease": false
              }
            ],
            "nvram": [],
            "qemu_agent": false,
            "running": true,
            "timeouts": null,
            "tpm": [],
            "vcpu": 2,
            "video": [],
            "xml": []
          },
          "sensitive_attributes": [],
          "private": "eyJlMmJmYjczMC1lY2FhLTExZTYtOGY4OC0zNDM2M2JjN2M0YzAiOnsiY3JlYXRlIjozMDAwMDAwMDAwMDB9fQ==",
          "dependencies": [
            "libvirt_cloudinit_disk.commoninit",
            "libvirt_volume.distro-qcow2"
          ]
        }
      ]
    },
    {
      "mode": "managed",
      "type": "libvirt_volume",
      "name": "distro-qcow2",
      "provider": "provider[\"registry.terraform.io/dmacvicar/libvirt\"]",
      "instances": [
        {
          "index_key": 0,
          "schema_version": 0,
          "attributes": {
            "base_volume_id": null,
            "base_volume_name": null,
            "base_volume_pool": null,
            "format": "qcow2",
            "id": "/media/pouchou/2T/volumes-kvm-temp/ubuntu.qcow2",
            "name": "ubuntu.qcow2",
            "pool": "distro-pool",
            "size": 2361393152,
            "source": "./sources/ubuntu.qcow2",
            "xml": []
          },
          "sensitive_attributes": [],
          "private": "bnVsbA=="
        },
        {
          "index_key": 1,
          "schema_version": 0,
          "attributes": {
            "base_volume_id": null,
            "base_volume_name": null,
            "base_volume_pool": null,
            "format": "qcow2",
            "id": "/media/pouchou/2T/volumes-kvm-temp/rocky.qcow2",
            "name": "rocky.qcow2",
            "pool": "distro-pool",
            "size": 10737418240,
            "source": "./sources/rocky.qcow2",
            "xml": []
          },
          "sensitive_attributes": [],
          "private": "bnVsbA=="
        }
      ]
    }
  ],
  "check_results": null
}
